GEM
  remote: https://rubygems.org/
  specs:
    minitest (5.27.0)
    rake-compiler-dock (1.12.0)
    rb_sys (0.9.128)
      rake-compiler-dock (= 1.12.0)

PLATFORMS
  arm64-darwin-23
  ruby

DEPENDENCIES
  minitest (~> 5.25)
  rb_sys (~> 0.9)

CHECKSUMS
  minitest (5.27.0) sha256=2d3b17f8a36fe7801c1adcffdbc38233b938eb0b4966e97a6739055a45fa77d5
  rake-compiler-dock (1.12.0) sha256=f13205c2738f3d2053afcd03491a9e4541b22a59a0bfc53fc8bc883bd8188023
  rb_sys (0.9.128) sha256=9ab81f4d6d4e1895de18762232362d1264475aa7035756b50441e442130538fd

BUNDLED WITH
  4.0.8
